<Solution>
  <Project Path="OrderFulfillment.Api/OrderFulfillment.Api.csproj" />
  <Project Path="OrderFulfillment.Application/OrderFulfillment.Application.csproj" />
  <Project Path="OrderFulfillment.Domain/OrderFulfillment.Domain.csproj" />
  <Project Path="OrderFulfillment.Infrastructure/OrderFulfillment.Infrastructure.csproj" />
  <Project Path="OrderFulfillment.UnitTests/OrderFulfillment.UnitTests.csproj" />
  <Project Path="OrderFulfillment.IntegrationTests/OrderFulfillment.IntegrationTests.csproj" />
</Solution>